// !$*UTF8*$!
{
	archiveVersion = 1;
	classes = {
	};
	objectVersion = 56;
	objects = {

/* Begin PBXBuildFile section */
		849C19EF2923D7650042B962 /* LuncherPage.swift in Sources */ = {isa = PBXBuildFile; fileRef = 849C19EE2923D7650042B962 /* LuncherPage.swift */; };
		849C19F12923D78A0042B962 /* InscriptionPage.swift in Sources */ = {isa = PBXBuildFile; fileRef = 849C19F02923D78A0042B962 /* InscriptionPage.swift */; };
		849C19F32923D79C0042B962 /* ConnexionPage.swift in Sources */ = {isa = PBXBuildFile; fileRef = 849C19F22923D79C0042B962 /* ConnexionPage.swift */; };
		8F349197292460EF00F4C779 /* ListArtistsPage.swift in Sources */ = {isa = PBXBuildFile; fileRef = 8F349196292460EF00F4C779 /* ListArtistsPage.swift */; };
		8F349199292461B100F4C779 /* SearchPage.swift in Sources */ = {isa = PBXBuildFile; fileRef = 8F349198292461B100F4C779 /* SearchPage.swift */; };
		D94660192923BF7D00FB6309 /* AppDelegate.swift in Sources */ = {isa = PBXBuildFile; fileRef = D94660182923BF7D00FB6309 /* AppDelegate.swift */; };
		D946601B2923BF7D00FB6309 /* SceneDelegate.swift in Sources */ = {isa = PBXBuildFile; fileRef = D946601A2923BF7D00FB6309 /* SceneDelegate.swift */; };
		D946601D2923BF7D00FB6309 /* ViewController.swift in Sources */ = {isa = PBXBuildFile; fileRef = D946601C2923BF7D00FB6309 /* ViewController.swift */; };
		D94660202923BF7D00FB6309 /* Main.storyboard in Resources */ = {isa = PBXBuildFile; fileRef = D946601E2923BF7D00FB6309 /* Main.storyboard */; };
		D94660222923BF7E00FB6309 /* Assets.xcassets in Resources */ = {isa = PBXBuildFile; fileRef = D94660212923BF7E00FB6309 /* Assets.xcassets */; };
		D94660252923BF7E00FB6309 /* LaunchScreen.storyboard in Resources */ = {isa = PBXBuildFile; fileRef = D94660232923BF7E00FB6309 /* LaunchScreen.storyboard */; };
		D94D2FAC2923E38900A8FEF4 /* HomeViewController.swift in Sources */ = {isa = PBXBuildFile; fileRef = D94D2FAB2923E38900A8FEF4 /* HomeViewController.swift */; };
		D9C29EB129241CD700B4FA04 /* ApiManager.swift in Sources */ = {isa = PBXBuildFile; fileRef = D9C29EB029241CD700B4FA04 /* ApiManager.swift */; };
/* End PBXBuildFile section */

/* Begin PBXFileReference section */
		849C19EE2923D7650042B962 /* LuncherPage.swift */ = {isa = PBXFileReference; lastKnownFileType = sourcecode.swift; path = LuncherPage.swift; sourceTree = "<group>"; };
		849C19F02923D78A0042B962 /* InscriptionPage.swift */ = {isa = PBXFileReference; lastKnownFileType = sourcecode.swift; path = InscriptionPage.swift; sourceTree = "<group>"; };
		849C19F22923D79C0042B962 /* ConnexionPage.swift */ = {isa = PBXFileReference; lastKnownFileType = sourcecode.swift; path = ConnexionPage.swift; sourceTree = "<group>"; };
		8F349196292460EF00F4C779 /* ListArtistsPage.swift */ = {isa = PBXFileReference; lastKnownFileType = sourcecode.swift; path = ListArtistsPage.swift; sourceTree = "<group>"; };
		8F349198292461B100F4C779 /* SearchPage.swift */ = {isa = PBXFileReference; lastKnownFileType = sourcecode.swift; path = SearchPage.swift; sourceTree = "<group>"; };
		D94660152923BF7D00FB6309 /* Deezer_IOS.app */ = {isa = PBXFileReference; explicitFileType = wrapper.application; includeInIndex = 0; path = Deezer_IOS.app; sourceTree = BUILT_PRODUCTS_DIR; };
		D94660182923BF7D00FB6309 /* AppDelegate.swift */ = {isa = PBXFileReference; lastKnownFileType = sourcecode.swift; path = AppDelegate.swift; sourceTree = "<group>"; };
		D946601A2923BF7D00FB6309 /* SceneDelegate.swift */ = {isa = PBXFileReference; lastKnownFileType = sourcecode.swift; path = SceneDelegate.swift; sourceTree = "<group>"; };
		D946601C2923BF7D00FB6309 /* ViewController.swift */ = {isa = PBXFileReference; lastKnownFileType = sourcecode.swift; path = ViewController.swift; sourceTree = "<group>"; };
		D946601F2923BF7D00FB6309 /* Base */ = {isa = PBXFileReference; lastKnownFileType = file.storyboard; name = Base; path = Base.lproj/Main.storyboard; sourceTree = "<group>"; };
		D94660212923BF7E00FB6309 /* Assets.xcassets */ = {isa = PBXFileReference; lastKnownFileType = folder.assetcatalog; path = Assets.xcassets; sourceTree = "<group>"; };
		D94660242923BF7E00FB6309 /* Base */ = {isa = PBXFileReference; lastKnownFileType = file.storyboard; name = Base; path = Base.lproj/LaunchScreen.storyboard; sourceTree = "<group>"; };
		D94660262923BF7E00FB6309 /* Info.plist */ = {isa = PBXFileReference; lastKnownFileType = text.plist.xml; path = Info.plist; sourceTree = "<group>"; };
		D94D2FAB2923E38900A8FEF4 /* HomeViewController.swift */ = {isa = PBXFileReference; lastKnownFileType = sourcecode.swift; path = HomeViewController.swift; sourceTree = "<group>"; };
		D9C29EB029241CD700B4FA04 /* ApiManager.swift */ = {isa = PBXFileReference; lastKnownFileType = sourcecode.swift; path = ApiManager.swift; sourceTree = "<group>"; };
/* End PBXFileReference section */

/* Begin PBXFrameworksBuildPhase section */
		D94660122923BF7D00FB6309 /* Frameworks */ = {
			isa = PBXFrameworksBuildPhase;
			buildActionMask = 2147483647;
			files = (
			);
			runOnlyForDeploymentPostprocessing = 0;
		};
/* End PBXFrameworksBuildPhase section */

/* Begin PBXGroup section */
		D946600C2923BF7D00FB6309 = {
			isa = PBXGroup;
			children = (
				D94660172923BF7D00FB6309 /* Deezer_IOS */,
				D94660162923BF7D00FB6309 /* Products */,
			);
			sourceTree = "<group>";
		};
		D94660162923BF7D00FB6309 /* Products */ = {
			isa = PBXGroup;
			children = (
				D94660152923BF7D00FB6309 /* Deezer_IOS.app */,
			);
			name = Products;
			sourceTree = "<group>";
		};
		D94660172923BF7D00FB6309 /* Deezer_IOS */ = {
			isa = PBXGroup;
			children = (
				D94660182923BF7D00FB6309 /* AppDelegate.swift */,
				D946601A2923BF7D00FB6309 /* SceneDelegate.swift */,
				D946601C2923BF7D00FB6309 /* ViewController.swift */,
				849C19F22923D79C0042B962 /* ConnexionPage.swift */,
				849C19F02923D78A0042B962 /* InscriptionPage.swift */,
				D94D2FAB2923E38900A8FEF4 /* HomeViewController.swift */,
				849C19EE2923D7650042B962 /* LuncherPage.swift */,
				D946601E2923BF7D00FB6309 /* Main.storyboard */,
				D94660212923BF7E00FB6309 /* Assets.xcassets */,
				D94660232923BF7E00FB6309 /* LaunchScreen.storyboard */,
				D94660262923BF7E00FB6309 /* Info.plist */,
				D9C29EB029241CD700B4FA04 /* ApiManager.swift */,
				8F349196292460EF00F4C779 /* ListArtistsPage.swift */,
				8F349198292461B100F4C779 /* SearchPage.swift */,
			);
			path = Deezer_IOS;
			sourceTree = "<group>";
		};
/* End PBXGroup section */

/* Begin PBXNativeTarget section */
		D94660142923BF7D00FB6309 /* Deezer_IOS */ = {
			isa = PBXNativeTarget;
			buildConfigurationList = D94660292923BF7E00FB6309 /* Build configuration list for PBXNativeTarget "Deezer_IOS" */;
			buildPhases = (
				D94660112923BF7D00FB6309 /* Sources */,
				D94660122923BF7D00FB6309 /* Frameworks */,
				D94660132923BF7D00FB6309 /* Resources */,
			);
			buildRules = (
			);
			dependencies = (
			);
			name = Deezer_IOS;
			productName = Deezer_IOS;
			productReference = D94660152923BF7D00FB6309 /* Deezer_IOS.app */;
			productType = "com.apple.product-type.application";
		};
/* End PBXNativeTarget section */

/* Begin PBXProject section */
		D946600D2923BF7D00FB6309 /* Project object */ = {
			isa = PBXProject;
			attributes = {
				BuildIndependentTargetsInParallel = 1;
				LastSwiftUpdateCheck = 1410;
				LastUpgradeCheck = 1410;
				TargetAttributes = {
					D94660142923BF7D00FB6309 = {
						CreatedOnToolsVersion = 14.1;
					};
				};
			};
			buildConfigurationList = D94660102923BF7D00FB6309 /* Build configuration list for PBXProject "Deezer_IOS" */;
			compatibilityVersion = "Xcode 14.0";
			developmentRegion = en;
			hasScannedForEncodings = 0;
			knownRegions = (
				en,
				Base,
			);
			mainGroup = D946600C2923BF7D00FB6309;
			productRefGroup = D94660162923BF7D00FB6309 /* Products */;
			projectDirPath = "";
			projectRoot = "";
			targets = (
				D94660142923BF7D00FB6309 /* Deezer_IOS */,
			);
		};
/* End PBXProject section */

/* Begin PBXResourcesBuildPhase section */
		D94660132923BF7D00FB6309 /* Resources */ = {
			isa = PBXResourcesBuildPhase;
			buildActionMask = 2147483647;
			files = (
				D94660252923BF7E00FB6309 /* LaunchScreen.storyboard in Resources */,
				D94660222923BF7E00FB6309 /* Assets.xcassets in Resources */,
				D94660202923BF7D00FB6309 /* Main.storyboard in Resources */,
			);
			runOnlyForDeploymentPostprocessing = 0;
		};
/* End PBXResourcesBuildPhase section */

/* Begin PBXSourcesBuildPhase section */
		D94660112923BF7D00FB6309 /* Sources */ = {
			isa = PBXSourcesBuildPhase;
			buildActionMask = 2147483647;
			files = (
				D9C29EB129241CD700B4FA04 /* ApiManager.swift in Sources */,
				849C19F32923D79C0042B962 /* ConnexionPage.swift in Sources */,
				D946601D2923BF7D00FB6309 /* ViewController.swift in Sources */,
				849C19F12923D78A0042B962 /* InscriptionPage.swift in Sources */,
				8F349199292461B100F4C779 /* SearchPage.swift in Sources */,
				D94660192923BF7D00FB6309 /* AppDelegate.swift in Sources */,
				849C19EF2923D7650042B962 /* LuncherPage.swift in Sources */,
				D94D2FAC2923E38900A8FEF4 /* HomeViewController.swift in Sources */,
				D946601B2923BF7D00FB6309 /* SceneDelegate.swift in Sources */,
				8F349197292460EF00F4C779 /* ListArtistsPage.swift in Sources */,
			);
			runOnlyForDeploymentPostprocessing = 0;
		};
/* End PBXSourcesBuildPhase section */

/* Begin PBXVariantGroup section */
		D946601E2923BF7D00FB6309 /* Main.storyboard */ = {
			isa = PBXVariantGroup;
			children = (
				D946601F2923BF7D00FB6309 /* Base */,
			);
			name = Main.storyboard;
			sourceTree = "<group>";
		};
		D94660232923BF7E00FB6309 /* LaunchScreen.storyboard */ = {
			isa = PBXVariantGroup;
			children = (
				D94660242923BF7E00FB6309 /* Base */,
			);
			name = LaunchScreen.storyboard;
			sourceTree = "<group>";
		};
/* End PBXVariantGroup section */

/* Begin XCBuildConfiguration section */
		D94660272923BF7E00FB6309 /* Debug */ = {
			isa = XCBuildConfiguration;
			buildSettings = {
				ALWAYS_SEARCH_USER_PATHS = NO;
				CLANG_ANALYZER_NONNULL = YES;
				CLANG_ANALYZER_NUMBER_OBJECT_CONVERSION = YES_AGGRESSIVE;
				CLANG_CXX_LANGUAGE_STANDARD = "gnu++20";
				CLANG_ENABLE_MODULES = YES;
				CLANG_ENABLE_OBJC_ARC = YES;
				CLANG_ENABLE_OBJC_WEAK = YES;
				CLANG_WARN_BLOCK_CAPTURE_AUTORELEASING = YES;
				CLANG_WARN_BOOL_CONVERSION = YES;
				CLANG_WARN_COMMA = YES;
				CLANG_WARN_CONSTANT_CONVERSION = YES;
				CLANG_WARN_DEPRECATED_OBJC_IMPLEMENTATIONS = YES;
				CLANG_WARN_DIRECT_OBJC_ISA_USAGE = YES_ERROR;
				CLANG_WARN_DOCUMENTATION_COMMENTS = YES;
				CLANG_WARN_EMPTY_BODY = YES;
				CLANG_WARN_ENUM_CONVERSION = YES;
				CLANG_WARN_INFINITE_RECURSION = YES;
				CLANG_WARN_INT_CONVERSION = YES;
				CLANG_WARN_NON_LITERAL_NULL_CONVERSION = YES;
				CLANG_WARN_OBJC_IMPLICIT_RETAIN_SELF = YES;
				CLANG_WARN_OBJC_LITERAL_CONVERSION = YES;
				CLANG_WARN_OBJC_ROOT_CLASS = YES_ERROR;
				CLANG_WARN_QUOTED_INCLUDE_IN_FRAMEWORK_HEADER = YES;
				CLANG_WARN_RANGE_LOOP_ANALYSIS = YES;
				CLANG_WARN_STRICT_PROTOTYPES = YES;
				CLANG_WARN_SUSPICIOUS_MOVE = YES;
				CLANG_WARN_UNGUARDED_AVAILABILITY = YES_AGGRESSIVE;
				CLANG_WARN_UNREACHABLE_CODE = YES;
				CLANG_WARN__DUPLICATE_METHOD_MATCH = YES;
				COPY_PHASE_STRIP = NO;
				DEBUG_INFORMATION_FORMAT = dwarf;
				ENABLE_STRICT_OBJC_MSGSEND = YES;
				ENABLE_TESTABILITY = YES;
				GCC_C_LANGUAGE_STANDARD = gnu11;
				GCC_DYNAMIC_NO_PIC = NO;
				GCC_NO_COMMON_BLOCKS = YES;
				GCC_OPTIMIZATION_LEVEL = 0;
				GCC_PREPROCESSOR_DEFINITIONS = (
					"DEBUG=1",
					"$(inherited)",
				);
				GCC_WARN_64_TO_32_BIT_CONVERSION = YES;
				GCC_WARN_ABOUT_RETURN_TYPE = YES_ERROR;
				GCC_WARN_UNDECLARED_SELECTOR = YES;
				GCC_WARN_UNINITIALIZED_AUTOS = YES_AGGRESSIVE;
				GCC_WARN_UNUSED_FUNCTION = YES;
				GCC_WARN_UNUSED_VARIABLE = YES;
				IPHONEOS_DEPLOYMENT_TARGET = 16.1;
				MTL_ENABLE_DEBUG_INFO = INCLUDE_SOURCE;
				MTL_FAST_MATH = YES;
				ONLY_ACTIVE_ARCH = YES;
				SDKROOT = iphoneos;
				SWIFT_ACTIVE_COMPILATION_CONDITIONS = DEBUG;
				SWIFT_OPTIMIZATION_LEVEL = "-Onone";
			};
			name = Debug;
		};
		D94660282923BF7E00FB6309 /* Release */ = {
			isa = XCBuildConfiguration;
			buildSettings = {
				ALWAYS_SEARCH_USER_PATHS = NO;
				CLANG_ANALYZER_NONNULL = YES;
				CLANG_ANALYZER_NUMBER_OBJECT_CONVERSION = YES_AGGRESSIVE;
				CLANG_CXX_LANGUAGE_STANDARD = "gnu++20";
				CLANG_ENABLE_MODULES = YES;
				CLANG_ENABLE_OBJC_ARC = YES;
				CLANG_ENABLE_OBJC_WEAK = YES;
				CLANG_WARN_BLOCK_CAPTURE_AUTORELEASING = YES;
				CLANG_WARN_BOOL_CONVERSION = YES;
				CLANG_WARN_COMMA = YES;
				CLANG_WARN_CONSTANT_CONVERSION = YES;
				CLANG_WARN_DEPRECATED_OBJC_IMPLEMENTATIONS = YES;
				CLANG_WARN_DIRECT_OBJC_ISA_USAGE = YES_ERROR;
				CLANG_WARN_DOCUMENTATION_COMMENTS = YES;
				CLANG_WARN_EMPTY_BODY = YES;
				CLANG_WARN_ENUM_CONVERSION = YES;
				CLANG_WARN_INFINITE_RECURSION = YES;
				CLANG_WARN_INT_CONVERSION = YES;
				CLANG_WARN_NON_LITERAL_NULL_CONVERSION = YES;
				CLANG_WARN_OBJC_IMPLICIT_RETAIN_SELF = YES;
				CLANG_WARN_OBJC_LITERAL_CONVERSION = YES;
				CLANG_WARN_OBJC_ROOT_CLASS = YES_ERROR;
				CLANG_WARN_QUOTED_INCLUDE_IN_FRAMEWORK_HEADER = YES;
				CLANG_WARN_RANGE_LOOP_ANALYSIS = YES;
				CLANG_WARN_STRICT_PROTOTYPES = YES;
				CLANG_WARN_SUSPICIOUS_MOVE = YES;
				CLANG_WARN_UNGUARDED_AVAILABILITY = YES_AGGRESSIVE;
				CLANG_WARN_UNREACHABLE_CODE = YES;
				CLANG_WARN__DUPLICATE_METHOD_MATCH = YES;
				COPY_PHASE_STRIP = NO;
				DEBUG_INFORMATION_FORMAT = "dwarf-with-dsym";
				ENABLE_NS_ASSERTIONS = NO;
				ENABLE_STRICT_OBJC_MSGSEND = YES;
				GCC_C_LANGUAGE_STANDARD = gnu11;
				GCC_NO_COMMON_BLOCKS = YES;
				GCC_WARN_64_TO_32_BIT_CONVERSION = YES;
				GCC_WARN_ABOUT_RETURN_TYPE = YES_ERROR;
				GCC_WARN_UNDECLARED_SELECTOR = YES;
				GCC_WARN_UNINITIALIZED_AUTOS = YES_AGGRESSIVE;
				GCC_WARN_UNUSED_FUNCTION = YES;
				GCC_WARN_UNUSED_VARIABLE = YES;
				IPHONEOS_DEPLOYMENT_TARGET = 16.1;
				MTL_ENABLE_DEBUG_INFO = NO;
				MTL_FAST_MATH = YES;
				SDKROOT = iphoneos;
				SWIFT_COMPILATION_MODE = wholemodule;
				SWIFT_OPTIMIZATION_LEVEL = "-O";
				VALIDATE_PRODUCT = YES;
			};
			name = Release;
		};
		D946602A2923BF7E00FB6309 /* Debug */ = {
			isa = XCBuildConfiguration;
			buildSettings = {
				ASSETCATALOG_COMPILER_APPICON_NAME = AppIcon;
				ASSETCATALOG_COMPILER_GLOBAL_ACCENT_COLOR_NAME = AccentColor;
				CODE_SIGN_STYLE = Automatic;
				CURRENT_PROJECT_VERSION = 1;
				DEVELOPMENT_TEAM = P8KZ6MY7Z5;
				GENERATE_INFOPLIST_FILE = YES;
				INFOPLIST_FILE = Deezer_IOS/Info.plist;
				INFOPLIST_KEY_UIApplicationSupportsIndirectInputEvents = YES;
				INFOPLIST_KEY_UILaunchStoryboardName = LaunchScreen;
				INFOPLIST_KEY_UIMainStoryboardFile = Main;
				INFOPLIST_KEY_UISupportedInterfaceOrientations_iPad = "UIInterfaceOrientationPortrait UIInterfaceOrientationPortraitUpsideDown UIInterfaceOrientationLandscapeLeft UIInterfaceOrientationLandscapeRight";
				INFOPLIST_KEY_UISupportedInterfaceOrientations_iPhone = "UIInterfaceOrientationPortrait UIInterfaceOrientationLandscapeLeft UIInterfaceOrientationLandscapeRight";
				LD_RUNPATH_SEARCH_PATHS = (
					"$(inherited)",
					"@executable_path/Frameworks",
				);
				MARKETING_VERSION = 1.0;
				PRODUCT_BUNDLE_IDENTIFIER = "com.merwanlaouini.Deezer-IOS";
				PRODUCT_NAME = "$(TARGET_NAME)";
				SWIFT_EMIT_LOC_STRINGS = YES;
				SWIFT_VERSION = 5.0;
				TARGETED_DEVICE_FAMILY = "1,2";
			};
			name = Debug;
		};
		D946602B2923BF7E00FB6309 /* Release */ = {
			isa = XCBuildConfiguration;
			buildSettings = {
				ASSETCATALOG_COMPILER_APPICON_NAME = AppIcon;
				ASSETCATALOG_COMPILER_GLOBAL_ACCENT_COLOR_NAME = AccentColor;
				CODE_SIGN_STYLE = Automatic;
				CURRENT_PROJECT_VERSION = 1;
				DEVELOPMENT_TEAM = P8KZ6MY7Z5;
				GENERATE_INFOPLIST_FILE = YES;
				INFOPLIST_FILE = Deezer_IOS/Info.plist;
				INFOPLIST_KEY_UIApplicationSupportsIndirectInputEvents = YES;
				INFOPLIST_KEY_UILaunchStoryboardName = LaunchScreen;
				INFOPLIST_KEY_UIMainStoryboardFile = Main;
				INFOPLIST_KEY_UISupportedInterfaceOrientations_iPad = "UIInterfaceOrientationPortrait UIInterfaceOrientationPortraitUpsideDown UIInterfaceOrientationLandscapeLeft UIInterfaceOrientationLandscapeRight";
				INFOPLIST_KEY_UISupportedInterfaceOrientations_iPhone = "UIInterfaceOrientationPortrait UIInterfaceOrientationLandscapeLeft UIInterfaceOrientationLandscapeRight";
				LD_RUNPATH_SEARCH_PATHS = (
					"$(inherited)",
					"@executable_path/Frameworks",
				);
				MARKETING_VERSION = 1.0;
				PRODUCT_BUNDLE_IDENTIFIER = "com.merwanlaouini.Deezer-IOS";
				PRODUCT_NAME = "$(TARGET_NAME)";
				SWIFT_EMIT_LOC_STRINGS = YES;
				SWIFT_VERSION = 5.0;
				TARGETED_DEVICE_FAMILY = "1,2";
			};
			name = Release;
		};
/* End XCBuildConfiguration section */

/* Begin XCConfigurationList section */
		D94660102923BF7D00FB6309 /* Build configuration list for PBXProject "Deezer_IOS" */ = {
			isa = XCConfigurationList;
			buildConfigurations = (
				D94660272923BF7E00FB6309 /* Debug */,
				D94660282923BF7E00FB6309 /* Release */,
			);
			defaultConfigurationIsVisible = 0;
			defaultConfigurationName = Release;
		};
		D94660292923BF7E00FB6309 /* Build configuration list for PBXNativeTarget "Deezer_IOS" */ = {
			isa = XCConfigurationList;
			buildConfigurations = (
				D946602A2923BF7E00FB6309 /* Debug */,
				D946602B2923BF7E00FB6309 /* Release */,
			);
			defaultConfigurationIsVisible = 0;
			defaultConfigurationName = Release;
		};
/* End XCConfigurationList section */
	};
	rootObject = D946600D2923BF7D00FB6309 /* Project object */;
}
